
Microsoft Visual Studio Solution File, Format Version 12.00
# Visual Studio Version 16
VisualStudioVersion = 16.0.30717.126
MinimumVisualStudioVersion = 10.0.40219.1
Project("{FAE04EC0-301F-11D3-BF4B-00C04F79EFBC}") = "GuessAWord", "GuessAWord\GuessAWord.csproj", "{D6C14DF2-3848-46B3-812D-E0D5572737EB}"
EndProject
Global
	GlobalSection(SolutionConfigurationPlatforms) = preSolution
		Debug|Any CPU = Debug|Any CPU
		Release|Any CPU = Release|Any CPU
	EndGlobalSection
	GlobalSection(ProjectConfigurationPlatforms) = postSolution
		{D6C14DF2-3848-46B3-812D-E0D5572737EB}.Debug|Any CPU.ActiveCfg = Debug|Any CPU
		{D6C14DF2-3848-46B3-812D-E0D5572737EB}.Debug|Any CPU.Build.0 = Debug|Any CPU
		{D6C14DF2-3848-46B3-812D-E0D5572737EB}.Release|Any CPU.ActiveCfg = Release|Any CPU
		{D6C14DF2-3848-46B3-812D-E0D5572737EB}.Release|Any CPU.Build.0 = Release|Any CPU
	EndGlobalSection
	GlobalSection(SolutionProperties) = preSolution
		HideSolutionNode = FALSE
	EndGlobalSection
	GlobalSection(ExtensibilityGlobals) = postSolution
		SolutionGuid = {7F39F1F3-4572-4B0F-B713-9DCEA02D6667}
	EndGlobalSection
EndGlobal
